<Solution>
  <Folder Name="/src/">
    <Project Path="src/DisplayControl.Api/DisplayControl.Api.csproj" />
    <Project Path="src/DisplayControl.Application/DisplayControl.Application.csproj" />
    <Project Path="src/DisplayControl.DeviceAgent/DisplayControl.DeviceAgent.csproj" />
    <Project Path="src/DisplayControl.Domain/DisplayControl.Domain.csproj" />
    <Project Path="src/DisplayControl.Infrastructure/DisplayControl.Infrastructure.csproj" />
    <Project Path="src/DisplayControl.SqlServerMigrations/DisplayControl.SqlServerMigrations.csproj" />
  </Folder>
  <Folder Name="/tests/">
    <Project Path="tests/DisplayControl.DeviceAgent.Tests/DisplayControl.DeviceAgent.Tests.csproj" />
    <Project Path="tests/DisplayControl.Domain.Tests/DisplayControl.Domain.Tests.csproj" />
    <Project Path="tests/DisplayControl.IntegrationTests/DisplayControl.IntegrationTests.csproj" />
  </Folder>
  <Folder Name="/tools/">
    <Project Path="tools/DisplayControl.Setup/DisplayControl.Setup.csproj" />
  </Folder>
</Solution>
